{
  "name": "typescript-mvc-2",
  "version": "1.0.0",
  "lockfileVersion": 3,
  "requires": true,
  "packages": {
    "": {
      "name": "typescript-mvc-2",
      "version": "1.0.0",
      "license": "ISC",
      "dependencies": {
        "convert": "^4.10.0",
        "convert-js": "^1.0.6"
      },
      "devDependencies": {
        "typescript": "^5.0.2"
      }
    },
    "node_modules/convert": {
      "version": "4.10.0",
      "resolved": "https://registry.npmjs.org/convert/-/convert-4.10.0.tgz",
      "integrity": "sha512-4Fx9r+cN8M4YOe+6x3GcfvnkH8F/Y2stYdSJ0t2LhwWqpgLwoxJIvh9vaUO+E83jg2+egkXqiRuG61HekPJCFg=="
    },
    "node_modules/convert-js": {
      "version": "1.0.6",
      "resolved": "https://registry.npmjs.org/convert-js/-/convert-js-1.0.6.tgz",
      "integrity": "sha512-+Q04NgwNGFzeW34i97Q4HFMiQ43rd3dCo+ER6EBtFIGVymbIAHm6A4Rmft7b4mMbsQibSAORaW1HqyzaDhmJpg=="
    },
    "node_modules/typescript": {
      "version": "5.0.2",
      "resolved": "https://registry.npmjs.org/typescript/-/typescript-5.0.2.tgz",
      "integrity": "sha512-wVORMBGO/FAs/++blGNeAVdbNKtIh1rbBL2EyQ1+J9lClJ93KiiKe8PmFIVdXhHcyv44SL9oglmfeSsndo0jRw==",
      "dev": true,
      "bin": {
        "tsc": "bin/tsc",
        "tsserver": "bin/tsserver"
      },
      "engines": {
        "node": ">=12.20"
      }
    }
  }
}
